# THIS IS AN AUTOGENERATED FILE. DO NOT EDIT THIS FILE DIRECTLY.
# yarn lockfile v1


"@pixi/accessibility@6.2.1":
  version "6.2.1"
  resolved "https://registry.yarnpkg.com/@pixi/accessibility/-/accessibility-6.2.1.tgz#30935541843244865f0977da846e5d9851fce6b2"
  integrity sha512-zXgXx3BostasR69a68BDGVMEjL5CWBct+LtongU1T8HgdXbu2BPaZ/Z679pMj23+5oAR0mUeoH7qTTyRQ2kS3g==

"@pixi/app@6.2.1", "@pixi/app@^6.2.1":
  version "6.2.1"
  resolved "https://registry.yarnpkg.com/@pixi/app/-/app-6.2.1.tgz#3caec8530fe5b80d8c2d47a84249c11f89ed3281"
  integrity sha512-J1dlu4PTF6O9WfHKTs0pg3NSePW2+8M2yMrivR7R/Z3CmmebnRiquua7U/avQXkLVJBwGdSyij2e6fN8dvnUXw==

"@pixi/compressed-textures@6.2.1":
  version "6.2.1"
  resolved "https://registry.yarnpkg.com/@pixi/compressed-textures/-/compressed-textures-6.2.1.tgz#5f64f542c8a8cde99feee9e53aa2e3675554cf9b"
  integrity sha512-ZtmitA5ClIBqBo/dR1pd2n/y/xxOC+UKAj1S04FZiXaekYjmcsPUKxbq2Mgp8Qk2PBdz98HSQ4/xOGAYBMWrdQ==

"@pixi/constants@6.2.1", "@pixi/constants@^6.2.1":
  version "6.2.1"
  resolved "https://registry.yarnpkg.com/@pixi/constants/-/constants-6.2.1.tgz#950ea81c69bdbc220a0b548eb48742c35a6a08ab"
  integrity sha512-Dppt6rjYP4mIvJCY1I38XhPSfXoOm+A+ERKljLjcvcxVAMhqCTVz3YMp2cUzaio6DtQutiQ6tT06M40xlBZ/lA==

"@pixi/core@6.2.1", "@pixi/core@^6.2.1":
  version "6.2.1"
  resolved "https://registry.yarnpkg.com/@pixi/core/-/core-6.2.1.tgz#c6a4d750ff059cb5a78aa85202cceda8a452fcf5"
  integrity sha512-Ndh4/sNXWEkDeU5waWBCsMMPPaQv5uXLyepPXJE0emHBtgJOjKEHa79hrr0p1I2KN7Q8+mw8WlK55yVGuHroIA==

"@pixi/display@6.2.1":
  version "6.2.1"
  resolved "https://registry.yarnpkg.com/@pixi/display/-/display-6.2.1.tgz#f2859ac5e5fd98f5049f089af8a0654d6702162e"
  integrity sha512-4taHTgQeAWXrxB4WV0CsyarFEVuI8seKU+12S57c8nQGRYESfDUx4jFatWfgMHY2xCNwCdPTCvlSJzT5ou8VWA==

"@pixi/extract@6.2.1":
  version "6.2.1"
  resolved "https://registry.yarnpkg.com/@pixi/extract/-/extract-6.2.1.tgz#23cce92537ea45e1d6af381521f6f8bb4ed53f75"
  integrity sha512-11MTxqXaZlsYRf9QumEDqZXoTb2RlIwpL42k7CnY7ycP+pu8TV+HB5NfLzFltCjnzXuBbl0/bz8eYeU5cSlVkA==

"@pixi/filter-alpha@6.2.1":
  version "6.2.1"
  resolved "https://registry.yarnpkg.com/@pixi/filter-alpha/-/filter-alpha-6.2.1.tgz#86ef8588177b5f4b88791782342ef0846fff2ab4"
  integrity sha512-f/xSY+T9JnpzrtB2F1EOsGr6urgln6Wdr/NQgVk13L/g8jrM/PhMlbDsodEwf5IL/2xRjAFwYjCFMgzWVXALkw==

"@pixi/filter-blur@6.2.1":
  version "6.2.1"
  resolved "https://registry.yarnpkg.com/@pixi/filter-blur/-/filter-blur-6.2.1.tgz#c7a1360a3759b7507dff3caa5ef7aedc35d14fb9"
  integrity sha512-5pIcdL4u5WAwGHsI8uNovb4iK50l+7Dz1ZIwuwbkGU8Xoti/dzeox4bgywnXPq+yN33/Ty0nwd7VYuHmaNl/Rw==

"@pixi/filter-color-matrix@6.2.1":
  version "6.2.1"
  resolved "https://registry.yarnpkg.com/@pixi/filter-color-matrix/-/filter-color-matrix-6.2.1.tgz#ae3e34606f86ccb0e559fde663d8c17d34cc3ca9"
  integrity sha512-f3yyaruhr8lAVv13YpMb5L4yolvuTygq05CvM3OIFK+dP5bYar2cajGc1Zu0bR3VGF03N8JeHxCUwfMwV7V7AA==

"@pixi/filter-displacement@6.2.1":
  version "6.2.1"
  resolved "https://registry.yarnpkg.com/@pixi/filter-displacement/-/filter-displacement-6.2.1.tgz#f178b54c870b75df4b0a8bc8b057e90fe4c7c500"
  integrity sha512-o/MjC3tz1y3qZwf22FThGSqfn+zN5bMaBoXn+xSfCqC48thg9vgl2REq0jerDDMVSMW8vUvBUARfT+Wfm3SMDw==

"@pixi/filter-fxaa@6.2.1":
  version "6.2.1"
  resolved "https://registry.yarnpkg.com/@pixi/filter-fxaa/-/filter-fxaa-6.2.1.tgz#15c2c92e41e56336d28b53bd2845b96018189e7b"
  integrity sha512-mIiAhBBDrOOPm1UF4isp7ti3d0y1y0xIZJnYbi15/Stmi1EQsMckDKg+V5uq9qbSm1jP3KoYq9dd7Oz/lr9srw==

"@pixi/filter-noise@6.2.1":
  version "6.2.1"
  resolved "https://registry.yarnpkg.com/@pixi/filter-noise/-/filter-noise-6.2.1.tgz#aae2a66eced6179c0e883f6e5db546e786bdd154"
  integrity sha512-jDIKo65p1VbqfUKuvb9UaNWaL4SRoc0SMYUwhSJcPjaWKv5bl7Ifqa6b/iQ31ZGHZGSot2ypwFeBiZLG1ndInQ==

"@pixi/graphics@6.2.1":
  version "6.2.1"
  resolved "https://registry.yarnpkg.com/@pixi/graphics/-/graphics-6.2.1.tgz#ded5248b7a7e64f0f225008493fdc126ef63a928"
  integrity sha512-/MQREXYx+/glVAQLyNTLnd9+C1Bktm/F1XDzu5swDQSRH2Fo1rCh3mPw0dmJmrWrOOpBTO2+W7Kgm6NkENw9qA==

"@pixi/interaction@6.2.1":
  version "6.2.1"
  resolved "https://registry.yarnpkg.com/@pixi/interaction/-/interaction-6.2.1.tgz#2d3ef012a15aff8af7c5b5c1d1983778983147b4"
  integrity sha512-WsubcDQt447+JtDhDHNfkmkEah4Ytry5WYIKbUZSvBdIc9LVXHPLQ+gM4mKkprEV8ZsQb6H/NbmtIKxjxHGYvw==

"@pixi/loaders@6.2.1", "@pixi/loaders@^6.2.1":
  version "6.2.1"
  resolved "https://registry.yarnpkg.com/@pixi/loaders/-/loaders-6.2.1.tgz#ce956e343a9684d3789886fe06ec4610bda5c002"
  integrity sha512-UB1uYb3HL4uN1q+w916DNLIZzz7gkg3p4QQRmBXq08Dnj8DWCghPRAfTGfCu3ORqYqEwSaZ+ulLT+SRfHryvyQ==

"@pixi/math@6.2.1", "@pixi/math@^6.2.1":
  version "6.2.1"
  resolved "https://registry.yarnpkg.com/@pixi/math/-/math-6.2.1.tgz#86a4c1d25ea6c03f9b4d3ec33bc925151f61b7e5"
  integrity sha512-ejAHHbJSRtAhpFVFOQ4niavCDkjISWBxjFQoqznManDZKXBH0vf8EQBWSth5Cp9wXXAG0mAt4gzlwYXEf7Axkg==

"@pixi/mesh-extras@6.2.1":
  version "6.2.1"
  resolved "https://registry.yarnpkg.com/@pixi/mesh-extras/-/mesh-extras-6.2.1.tgz#5fa199f78f0f04fabde789418d967d6780bb7008"
  integrity sha512-mgIRiW4W5aOI1lDawNBTNsDZAy+qBGwwBgYsvRqjqOK6cxQ2pnDSEvphK3k2k+Qk2zUBFzqIxSWcG9EWnDQf2Q==

"@pixi/mesh@6.2.1":
  version "6.2.1"
  resolved "https://registry.yarnpkg.com/@pixi/mesh/-/mesh-6.2.1.tgz#d575532e88a4619aede866a4befd0732c21fe914"
  integrity sha512-ekLhRxk6g8sVwrEj3xtVNmyCoCgKSIlqVYL26a2QWYAllWeP1FZiCmBJGk6FAXlIrzG76+aymiUVH35pD1gZvw==

"@pixi/mixin-cache-as-bitmap@6.2.1":
  version "6.2.1"
  resolved "https://registry.yarnpkg.com/@pixi/mixin-cache-as-bitmap/-/mixin-cache-as-bitmap-6.2.1.tgz#92a7a87166bcbd252ac8048d17239992204fc969"
  integrity sha512-+KsDxCrlvWK2S4ExaKMWFp5RPiFxbBZS2rQ3yrA5GTUC4uZUWm3QptVjHmWb1kjgD5l/QOGF40ZFTu8FfqXtlg==

"@pixi/mixin-get-child-by-name@6.2.1":
  version "6.2.1"
  resolved "https://registry.yarnpkg.com/@pixi/mixin-get-child-by-name/-/mixin-get-child-by-name-6.2.1.tgz#4e202d787268c2b405bee3a973d73f7f1c1880a1"
  integrity sha512-Osrydgec/Zqu1rxz3wJlNH8qe3a8qyOC6dvzS0QlU6gIe7EUfqFSKSCsnht8zDFTNOBPL/hzG1JKDWTOBqRj8g==

"@pixi/mixin-get-global-position@6.2.1":
  version "6.2.1"
  resolved "https://registry.yarnpkg.com/@pixi/mixin-get-global-position/-/mixin-get-global-position-6.2.1.tgz#ca3ebf24b24b3189b2ecc5e2bd09e1582e97e397"
  integrity sha512-3W5u3b5A4U6glUMPal1/8vug5gs5CIlum9K30VnNQ2Q2bC4mZ6CEBHVIN6pG7ekg3E7xbLwp/WlZM9wZ1yr7ng==

"@pixi/particle-container@6.2.1":
  version "6.2.1"
  resolved "https://registry.yarnpkg.com/@pixi/particle-container/-/particle-container-6.2.1.tgz#ae227fb6f7de9b9275b78a17d634887c37724e48"
  integrity sha512-uk8erald8eGiucE0336YTIOS4e1HkSYc8ZYkJnCfxEPcOSMyPEmInI+kWtq0IHa1icX9G4zZRh9rj3vCfCLY+A==

"@pixi/polyfill@6.2.1":
  version "6.2.1"
  resolved "https://registry.yarnpkg.com/@pixi/polyfill/-/polyfill-6.2.1.tgz#06d171fc4d06cfcbfb136726137c9c98cda9a0da"
  integrity sha512-t7xHLTq3L1FBWT65LR+L1rTjqFq6yDAS+07cG4GCp1TrjcBGV4RGNuB4VhlQOsxVJIhzzEry+3TQt6/EenQ5TQ==
  dependencies:
    object-assign "^4.1.1"
    promise-polyfill "^8.2.0"

"@pixi/prepare@6.2.1":
  version "6.2.1"
  resolved "https://registry.yarnpkg.com/@pixi/prepare/-/prepare-6.2.1.tgz#11dbece209abfba0ff9acd29801954633dfd1432"
  integrity sha512-SsNnZilq0gikrO/LjL+gEaUzmrFpkNeROgyfT6Pa3l2HWqG4eoU+iPxSH3f0WshYyZPLF793ryFut9tSJKLCSw==

"@pixi/runner@6.2.1", "@pixi/runner@^6.2.1":
  version "6.2.1"
  resolved "https://registry.yarnpkg.com/@pixi/runner/-/runner-6.2.1.tgz#ee2bc3554b7e77647139728cb17f1833c84b588c"
  integrity sha512-m3dB5b212WJ3wa7QGBY27NckHtQu1TR2FwtEeMyL0g0tSfCf1ve0Pegf39q9PQ4D1/C1j0n58JuKBqSf9oH66Q==

"@pixi/settings@6.2.1", "@pixi/settings@^6.2.1":
  version "6.2.1"
  resolved "https://registry.yarnpkg.com/@pixi/settings/-/settings-6.2.1.tgz#b13bb809fb5eaa8e1289f654a5c0a7080f195aa1"
  integrity sha512-GVgLgTdEMZDSEyly+yX+49MhVzEiSyJCHItAurLUVGLvi443AcRuK57mYVNDdTfOn2VRIvwW7FNgwdrzq58WWQ==
  dependencies:
    ismobilejs "^1.1.0"

"@pixi/sprite-animated@6.2.1":
  version "6.2.1"
  resolved "https://registry.yarnpkg.com/@pixi/sprite-animated/-/sprite-animated-6.2.1.tgz#29e81d86e282966bebde8e686012e4dc31f1b236"
  integrity sha512-puJtJFcHgyYuWf4EdFOVMFimtQsTxskNwI/CMw5HQBuz8dPB3aHensVGyv7mPzr0zpl7Ruzb6l+F5Y/G6jbugg==

"@pixi/sprite-tiling@6.2.1":
  version "6.2.1"
  resolved "https://registry.yarnpkg.com/@pixi/sprite-tiling/-/sprite-tiling-6.2.1.tgz#6c387de11bc75c3e38d459dfa3489fb228fcbc6f"
  integrity sha512-YPPqRRBp7JvQq1MjGU7IaKL+7WNeSsHNjUlQfawPR3XvNFLKb7zks1DvR09AziMm8u4h6/wfejFuRycqg/3gvQ==

"@pixi/sprite@6.2.1":
  version "6.2.1"
  resolved "https://registry.yarnpkg.com/@pixi/sprite/-/sprite-6.2.1.tgz#6c16afb64e169d90ec214dfbae726870a3eb4dc1"
  integrity sha512-NV4mS3vUcVgi9qKtY3SH/tf5goinCAJId3bmj76MAlBDNaE8wyu7bEcWLQFIHC59zxJCOd5D/iOmDqVKiOu4Dw==

"@pixi/spritesheet@6.2.1":
  version "6.2.1"
  resolved "https://registry.yarnpkg.com/@pixi/spritesheet/-/spritesheet-6.2.1.tgz#f39d1ab22ab41f7b3ae7eedaa1d947dc81071ba7"
  integrity sha512-mCJn3044/VX2Z0nGr+5brWR2F9akKzKAI4OBqmQU4mfiy7Q4+MM0Fgk9vHc7wKCuhUz//U7SmK6CdCqZknVaAA==

"@pixi/text-bitmap@6.2.1":
  version "6.2.1"
  resolved "https://registry.yarnpkg.com/@pixi/text-bitmap/-/text-bitmap-6.2.1.tgz#f3c86350ee7029107130c2ba6f8d66999710f22e"
  integrity sha512-fbOz1aTyXUu0+fuWVnL6eGu5WhpQlF83GM8CKBo2j4NqhxYnkIn4r5g2QSYXVAZ5PSeUjGO0o7lUKxZN0Wq2gg==

"@pixi/text@6.2.1":
  version "6.2.1"
  resolved "https://registry.yarnpkg.com/@pixi/text/-/text-6.2.1.tgz#1fdd68003d05db2102d6c11740c624d94fa9829d"
  integrity sha512-vTwXm6RVcSa4RXlqknxf1y7Q35fyOWIlERz3eb6STcoGFOwbXSjdIsAkamjKzbasfF0rSe910QHYxs2XWJ6ozA==

"@pixi/ticker@6.2.1", "@pixi/ticker@^6.2.1":
  version "6.2.1"
  resolved "https://registry.yarnpkg.com/@pixi/ticker/-/ticker-6.2.1.tgz#55e55cb1135ca5630f3b2c402ad7e8ab2fb1fb4e"
  integrity sha512-J9UCTIJswM7HO76CtBpJAB+EMBxElmJ+JV9uTUQBGZVc6cmQI9JPPx1QcDWVkuF4qv1Keeh0Tjhnq8Sjc701AA==

"@pixi/utils@6.2.1", "@pixi/utils@^6.2.1":
  version "6.2.1"
  resolved "https://registry.yarnpkg.com/@pixi/utils/-/utils-6.2.1.tgz#6bc987b170e8452c2df79ec9abac8915722dc4ff"
  integrity sha512-aLOIzDZ6ccJ/DfGs9vldjWXn3RHpOMR26Bkr3aeynn/p1rdY3n2dzC8oKWwVb3gPQWmsEZJa8QuLvOiIwHqAJg==
  dependencies:
    "@types/earcut" "^2.1.0"
    earcut "^2.2.2"
    eventemitter3 "^3.1.0"
    url "^0.11.0"

"@types/earcut@^2.1.0":
  version "2.1.1"
  resolved "https://registry.yarnpkg.com/@types/earcut/-/earcut-2.1.1.tgz#573a0af609f17005c751f6f4ffec49cfe358ea51"
  integrity sha512-w8oigUCDjElRHRRrMvn/spybSMyX8MTkKA5Dv+tS1IE/TgmNZPqUYtvYBXGY8cieSE66gm+szeK+bnbxC2xHTQ==

autoprefixer@^10.4.2:
  version "10.4.2"
  resolved "https://registry.yarnpkg.com/autoprefixer/-/autoprefixer-10.4.2.tgz#25e1df09a31a9fba5c40b578936b90d35c9d4d3b"
  integrity sha512-9fOPpHKuDW1w/0EKfRmVnxTDt8166MAnLI3mgZ1JCnhNtYWxcJ6Ud5CO/AVOZi/AvFa8DY9RTy3h3+tFBlrrdQ==
  dependencies:
    browserslist "^4.19.1"
    caniuse-lite "^1.0.30001297"
    fraction.js "^4.1.2"
    normalize-range "^0.1.2"
    picocolors "^1.0.0"
    postcss-value-parser "^4.2.0"

balanced-match@^1.0.0:
  version "1.0.2"
  resolved "https://registry.yarnpkg.com/balanced-match/-/balanced-match-1.0.2.tgz#e83e3a7e3f300b34cb9d87f615fa0cbf357690ee"
  integrity sha512-3oSeUO0TMV67hN1AmbXsK4yaqU7tjiHlbxRDZOpH0KW9+CeX4bRAaX0Anxt0tx2MrpRpWwQaPwIlISEJhYU5Pw==

browserslist@^4.19.1:
  version "4.19.1"
  resolved "https://registry.yarnpkg.com/browserslist/-/browserslist-4.19.1.tgz#4ac0435b35ab655896c31d53018b6dd5e9e4c9a3"
  integrity sha512-u2tbbG5PdKRTUoctO3NBD8FQ5HdPh1ZXPHzp1rwaa5jTc+RV9/+RlWiAIKmjRPQF+xbGM9Kklj5bZQFa2s/38A==
  dependencies:
    caniuse-lite "^1.0.30001286"
    electron-to-chromium "^1.4.17"
    escalade "^3.1.1"
    node-releases "^2.0.1"
    picocolors "^1.0.0"

caniuse-lite@^1.0.30001286, caniuse-lite@^1.0.30001297, caniuse-lite@^1.0.30001299:
  version "1.0.30001299"
  resolved "https://registry.yarnpkg.com/caniuse-lite/-/caniuse-lite-1.0.30001299.tgz#d753bf6444ed401eb503cbbe17aa3e1451b5a68c"
  integrity sha512-iujN4+x7QzqA2NCSrS5VUy+4gLmRd4xv6vbBBsmfVqTx8bLAD8097euLqQgKxSVLvxjSDcvF1T/i9ocgnUFexw==

css-blank-pseudo@^3.0.2:
  version "3.0.2"
  resolved "https://registry.yarnpkg.com/css-blank-pseudo/-/css-blank-pseudo-3.0.2.tgz#f8660f6a48b17888a9277e53f25cc5abec1f0169"
  integrity sha512-hOb1LFjRR+8ocA071xUSmg5VslJ8NGo/I2qpUpdeAYyBVCgupS5O8SEVo4SxEMYyFBNodBkzG3T1iqW9HCXxew==
  dependencies:
    postcss-selector-parser "^6.0.8"

css-has-pseudo@^3.0.3:
  version "3.0.3"
  resolved "https://registry.yarnpkg.com/css-has-pseudo/-/css-has-pseudo-3.0.3.tgz#4824a34cb92dae7e09ea1d3fd19691b653412098"
  integrity sha512-0gDYWEKaGacwxCqvQ3Ypg6wGdD1AztbMm5h1JsactG2hP2eiflj808QITmuWBpE7sjSEVrAlZhPTVd/nNMj/hQ==
  dependencies:
    postcss-selector-parser "^6.0.8"

css-prefers-color-scheme@^6.0.2:
  version "6.0.2"
  resolved "https://registry.yarnpkg.com/css-prefers-color-scheme/-/css-prefers-color-scheme-6.0.2.tgz#d5c03a980caab92d8beeee176a8795d331e0c727"
  integrity sha512-gv0KQBEM+q/XdoKyznovq3KW7ocO7k+FhPP+hQR1MenJdu0uPGS6IZa9PzlbqBeS6XcZJNAoqoFxlAUW461CrA==

cssdb@^5.0.0:
  version "5.1.0"
  resolved "https://registry.yarnpkg.com/cssdb/-/cssdb-5.1.0.tgz#ec728d5f5c0811debd0820cbebda505d43003400"
  integrity sha512-/vqjXhv1x9eGkE/zO6o8ZOI7dgdZbLVLUGyVRbPgk6YipXbW87YzUCcO+Jrmi5bwJlAH6oD+MNeZyRgXea1GZw==

cssesc@^3.0.0:
  version "3.0.0"
  resolved "https://registry.yarnpkg.com/cssesc/-/cssesc-3.0.0.tgz#37741919903b868565e1c09ea747445cd18983ee"
  integrity sha512-/Tb/JcjK111nNScGob5MNtsntNM1aCNUDipB/TkwZFhyDrrE47SOx/18wF2bbjgc3ZzCSKW1T5nt5EbFoAz/Vg==

earcut@^2.2.2:
  version "2.2.3"
  resolved "https://registry.yarnpkg.com/earcut/-/earcut-2.2.3.tgz#d44ced2ff5a18859568e327dd9c7d46b16f55cf4"
  integrity sha512-iRDI1QeCQIhMCZk48DRDMVgQSSBDmbzzNhnxIo+pwx3swkfjMh6vh0nWLq1NdvGHLKH6wIrAM3vQWeTj6qeoug==

electron-to-chromium@^1.4.17:
  version "1.4.44"
  resolved "https://registry.yarnpkg.com/electron-to-chromium/-/electron-to-chromium-1.4.44.tgz#8a41923afdd6ef5ddabe001626036ba5d1d64ae6"
  integrity sha512-tHGWiUUmY7GABK8+DNcr474cnZDTzD8x1736SlDosVH8+/vRJeqfaIBAEHFtMjddz/0T4rKKYsxEc8BwQRdBpw==

esbuild-android-arm64@0.13.15:
  version "0.13.15"
  resolved "https://registry.yarnpkg.com/esbuild-android-arm64/-/esbuild-android-arm64-0.13.15.tgz#3fc3ff0bab76fe35dd237476b5d2b32bb20a3d44"
  integrity sha512-m602nft/XXeO8YQPUDVoHfjyRVPdPgjyyXOxZ44MK/agewFFkPa8tUo6lAzSWh5Ui5PB4KR9UIFTSBKh/RrCmg==

esbuild-darwin-64@0.13.15:
  version "0.13.15"
  resolved "https://registry.yarnpkg.com/esbuild-darwin-64/-/esbuild-darwin-64-0.13.15.tgz#8e9169c16baf444eacec60d09b24d11b255a8e72"
  integrity sha512-ihOQRGs2yyp7t5bArCwnvn2Atr6X4axqPpEdCFPVp7iUj4cVSdisgvEKdNR7yH3JDjW6aQDw40iQFoTqejqxvQ==

esbuild-darwin-arm64@0.13.15:
  version "0.13.15"
  resolved "https://registry.yarnpkg.com/esbuild-darwin-arm64/-/esbuild-darwin-arm64-0.13.15.tgz#1b07f893b632114f805e188ddfca41b2b778229a"
  integrity sha512-i1FZssTVxUqNlJ6cBTj5YQj4imWy3m49RZRnHhLpefFIh0To05ow9DTrXROTE1urGTQCloFUXTX8QfGJy1P8dQ==

esbuild-freebsd-64@0.13.15:
  version "0.13.15"
  resolved "https://registry.yarnpkg.com/esbuild-freebsd-64/-/esbuild-freebsd-64-0.13.15.tgz#0b8b7eca1690c8ec94c75680c38c07269c1f4a85"
  integrity sha512-G3dLBXUI6lC6Z09/x+WtXBXbOYQZ0E8TDBqvn7aMaOCzryJs8LyVXKY4CPnHFXZAbSwkCbqiPuSQ1+HhrNk7EA==

esbuild-freebsd-arm64@0.13.15:
  version "0.13.15"
  resolved "https://registry.yarnpkg.com/esbuild-freebsd-arm64/-/esbuild-freebsd-arm64-0.13.15.tgz#2e1a6c696bfdcd20a99578b76350b41db1934e52"
  integrity sha512-KJx0fzEDf1uhNOZQStV4ujg30WlnwqUASaGSFPhznLM/bbheu9HhqZ6mJJZM32lkyfGJikw0jg7v3S0oAvtvQQ==

esbuild-linux-32@0.13.15:
  version "0.13.15"
  resolved "https://registry.yarnpkg.com/esbuild-linux-32/-/esbuild-linux-32-0.13.15.tgz#6fd39f36fc66dd45b6b5f515728c7bbebc342a69"
  integrity sha512-ZvTBPk0YWCLMCXiFmD5EUtB30zIPvC5Itxz0mdTu/xZBbbHJftQgLWY49wEPSn2T/TxahYCRDWun5smRa0Tu+g==

esbuild-linux-64@0.13.15:
  version "0.13.15"
  resolved "https://registry.yarnpkg.com/esbuild-linux-64/-/esbuild-linux-64-0.13.15.tgz#9cb8e4bcd7574e67946e4ee5f1f1e12386bb6dd3"
  integrity sha512-eCKzkNSLywNeQTRBxJRQ0jxRCl2YWdMB3+PkWFo2BBQYC5mISLIVIjThNtn6HUNqua1pnvgP5xX0nHbZbPj5oA==

esbuild-linux-arm64@0.13.15:
  version "0.13.15"
  resolved "https://registry.yarnpkg.com/esbuild-linux-arm64/-/esbuild-linux-arm64-0.13.15.tgz#3891aa3704ec579a1b92d2a586122e5b6a2bfba1"
  integrity sha512-bYpuUlN6qYU9slzr/ltyLTR9YTBS7qUDymO8SV7kjeNext61OdmqFAzuVZom+OLW1HPHseBfJ/JfdSlx8oTUoA==

esbuild-linux-arm@0.13.15:
  version "0.13.15"
  resolved "https://registry.yarnpkg.com/esbuild-linux-arm/-/esbuild-linux-arm-0.13.15.tgz#8a00e99e6a0c6c9a6b7f334841364d8a2b4aecfe"
  integrity sha512-wUHttDi/ol0tD8ZgUMDH8Ef7IbDX+/UsWJOXaAyTdkT7Yy9ZBqPg8bgB/Dn3CZ9SBpNieozrPRHm0BGww7W/jA==

esbuild-linux-mips64le@0.13.15:
  version "0.13.15"
  resolved "https://registry.yarnpkg.com/esbuild-linux-mips64le/-/esbuild-linux-mips64le-0.13.15.tgz#36b07cc47c3d21e48db3bb1f4d9ef8f46aead4f7"
  integrity sha512-KlVjIG828uFPyJkO/8gKwy9RbXhCEUeFsCGOJBepUlpa7G8/SeZgncUEz/tOOUJTcWMTmFMtdd3GElGyAtbSWg==

esbuild-linux-ppc64le@0.13.15:
  version "0.13.15"
  resolved "https://registry.yarnpkg.com/esbuild-linux-ppc64le/-/esbuild-linux-ppc64le-0.13.15.tgz#f7e6bba40b9a11eb9dcae5b01550ea04670edad2"
  integrity sha512-h6gYF+OsaqEuBjeesTBtUPw0bmiDu7eAeuc2OEH9S6mV9/jPhPdhOWzdeshb0BskRZxPhxPOjqZ+/OqLcxQwEQ==

esbuild-netbsd-64@0.13.15:
  version "0.13.15"
  resolved "https://registry.yarnpkg.com/esbuild-netbsd-64/-/esbuild-netbsd-64-0.13.15.tgz#a2fedc549c2b629d580a732d840712b08d440038"
  integrity sha512-3+yE9emwoevLMyvu+iR3rsa+Xwhie7ZEHMGDQ6dkqP/ndFzRHkobHUKTe+NCApSqG5ce2z4rFu+NX/UHnxlh3w==

esbuild-openbsd-64@0.13.15:
  version "0.13.15"
  resolved "https://registry.yarnpkg.com/esbuild-openbsd-64/-/esbuild-openbsd-64-0.13.15.tgz#b22c0e5806d3a1fbf0325872037f885306b05cd7"
  integrity sha512-wTfvtwYJYAFL1fSs8yHIdf5GEE4NkbtbXtjLWjM3Cw8mmQKqsg8kTiqJ9NJQe5NX/5Qlo7Xd9r1yKMMkHllp5g==

esbuild-sunos-64@0.13.15:
  version "0.13.15"
  resolved "https://registry.yarnpkg.com/esbuild-sunos-64/-/esbuild-sunos-64-0.13.15.tgz#d0b6454a88375ee8d3964daeff55c85c91c7cef4"
  integrity sha512-lbivT9Bx3t1iWWrSnGyBP9ODriEvWDRiweAs69vI+miJoeKwHWOComSRukttbuzjZ8r1q0mQJ8Z7yUsDJ3hKdw==

esbuild-windows-32@0.13.15:
  version "0.13.15"
  resolved "https://registry.yarnpkg.com/esbuild-windows-32/-/esbuild-windows-32-0.13.15.tgz#c96d0b9bbb52f3303322582ef8e4847c5ad375a7"
  integrity sha512-fDMEf2g3SsJ599MBr50cY5ve5lP1wyVwTe6aLJsM01KtxyKkB4UT+fc5MXQFn3RLrAIAZOG+tHC+yXObpSn7Nw==

esbuild-windows-64@0.13.15:
  version "0.13.15"
  resolved "https://registry.yarnpkg.com/esbuild-windows-64/-/esbuild-windows-64-0.13.15.tgz#1f79cb9b1e1bb02fb25cd414cb90d4ea2892c294"
  integrity sha512-9aMsPRGDWCd3bGjUIKG/ZOJPKsiztlxl/Q3C1XDswO6eNX/Jtwu4M+jb6YDH9hRSUflQWX0XKAfWzgy5Wk54JQ==

esbuild-windows-arm64@0.13.15:
  version "0.13.15"
  resolved "https://registry.yarnpkg.com/esbuild-windows-arm64/-/esbuild-windows-arm64-0.13.15.tgz#482173070810df22a752c686509c370c3be3b3c3"
  integrity sha512-zzvyCVVpbwQQATaf3IG8mu1IwGEiDxKkYUdA4FpoCHi1KtPa13jeScYDjlW0Qh+ebWzpKfR2ZwvqAQkSWNcKjA==

esbuild@^0.13.12:
  version "0.13.15"
  resolved "https://registry.yarnpkg.com/esbuild/-/esbuild-0.13.15.tgz#db56a88166ee373f87dbb2d8798ff449e0450cdf"
  integrity sha512-raCxt02HBKv8RJxE8vkTSCXGIyKHdEdGfUmiYb8wnabnaEmHzyW7DCHb5tEN0xU8ryqg5xw54mcwnYkC4x3AIw==
  optionalDependencies:
    esbuild-android-arm64 "0.13.15"
    esbuild-darwin-64 "0.13.15"
    esbuild-darwin-arm64 "0.13.15"
    esbuild-freebsd-64 "0.13.15"
    esbuild-freebsd-arm64 "0.13.15"
    esbuild-linux-32 "0.13.15"
    esbuild-linux-64 "0.13.15"
    esbuild-linux-arm "0.13.15"
    esbuild-linux-arm64 "0.13.15"
    esbuild-linux-mips64le "0.13.15"
    esbuild-linux-ppc64le "0.13.15"
    esbuild-netbsd-64 "0.13.15"
    esbuild-openbsd-64 "0.13.15"
    esbuild-sunos-64 "0.13.15"
    esbuild-windows-32 "0.13.15"
    esbuild-windows-64 "0.13.15"
    esbuild-windows-arm64 "0.13.15"

escalade@^3.1.1:
  version "3.1.1"
  resolved "https://registry.yarnpkg.com/escalade/-/escalade-3.1.1.tgz#d8cfdc7000965c5a0174b4a82eaa5c0552742e40"
  integrity sha512-k0er2gUkLf8O0zKJiAhmkTnJlTvINGv7ygDNPbeIsX/TJjGJZHuh9B2UxbsaEkmlEo9MfhrSzmhIlhRlI2GXnw==

eventemitter3@^3.1.0:
  version "3.1.2"
  resolved "https://registry.yarnpkg.com/eventemitter3/-/eventemitter3-3.1.2.tgz#2d3d48f9c346698fce83a85d7d664e98535df6e7"
  integrity sha512-tvtQIeLVHjDkJYnzf2dgVMxfuSGJeM/7UCG17TT4EumTfNtF+0nebF/4zWOIkCreAbtNqhGEboB6BWrwqNaw4Q==

fraction.js@^4.1.2:
  version "4.1.2"
  resolved "https://registry.yarnpkg.com/fraction.js/-/fraction.js-4.1.2.tgz#13e420a92422b6cf244dff8690ed89401029fbe8"
  integrity sha512-o2RiJQ6DZaR/5+Si0qJUIy637QMRudSi9kU/FFzx9EZazrIdnBgpU+3sEWCxAVhH2RtxW2Oz+T4p2o8uOPVcgA==

fsevents@~2.3.2:
  version "2.3.2"
  resolved "https://registry.yarnpkg.com/fsevents/-/fsevents-2.3.2.tgz#8a526f78b8fdf4623b709e0b975c52c24c02fd1a"
  integrity sha512-xiqMQR4xAeHTuB9uWm+fFRcIOgKBMiOBP+eXiyT7jsgVCq1bkVygt00oASowB7EdtpOHaaPgKt812P9ab+DDKA==

function-bind@^1.1.1:
  version "1.1.1"
  resolved "https://registry.yarnpkg.com/function-bind/-/function-bind-1.1.1.tgz#a56899d3ea3c9bab874bb9773b7c5ede92f4895d"
  integrity sha512-yIovAzMX49sF8Yl58fSCWJ5svSLuaibPxXQJFLmBObTuCr0Mf1KiPopGM9NiFjiYBCbfaa2Fh6breQ6ANVTI0A==

gsap@^3.9.1:
  version "3.9.1"
  resolved "https://registry.yarnpkg.com/gsap/-/gsap-3.9.1.tgz#d4c7443540497afee9ddc0824fd0180224e33360"
  integrity sha512-JSGVYoC6da4pIjdF/yxFU6Rz8OojOIDkbooveZlfNg0+JIoFoRruyfWAEi6R/gUeNcuOiTqUIb0gi1nCNrHf8w==

has@^1.0.3:
  version "1.0.3"
  resolved "https://registry.yarnpkg.com/has/-/has-1.0.3.tgz#722d7cbfc1f6aa8241f16dd814e011e1f41e8796"
  integrity sha512-f2dvO0VU6Oej7RkWJGrehjbzMAjFp5/VKPp5tTpWIV4JHHZK1/BxbFRtf/siA2SWTe09caDmVtYYzWEIbBS4zw==
  dependencies:
    function-bind "^1.1.1"

is-core-module@^2.8.0:
  version "2.8.1"
  resolved "https://registry.yarnpkg.com/is-core-module/-/is-core-module-2.8.1.tgz#f59fdfca701d5879d0a6b100a40aa1560ce27211"
  integrity sha512-SdNCUs284hr40hFTFP6l0IfZ/RSrMXF3qgoRHd3/79unUTvrFO/JoXwkGm+5J/Oe3E/b5GsnG330uUNgRpu1PA==
  dependencies:
    has "^1.0.3"

ismobilejs@^1.1.0:
  version "1.1.1"
  resolved "https://registry.yarnpkg.com/ismobilejs/-/ismobilejs-1.1.1.tgz#c56ca0ae8e52b24ca0f22ba5ef3215a2ddbbaa0e"
  integrity sha512-VaFW53yt8QO61k2WJui0dHf4SlL8lxBofUuUmwBo0ljPk0Drz2TiuDW4jo3wDcv41qy/SxrJ+VAzJ/qYqsmzRw==

nanoid@^3.1.30:
  version "3.1.32"
  resolved "https://registry.yarnpkg.com/nanoid/-/nanoid-3.1.32.tgz#8f96069e6239cc0a9ae8c0d3b41a3b4933a88c0a"
  integrity sha512-F8mf7R3iT9bvThBoW4tGXhXFHCctyCiUUPrWF8WaTqa3h96d9QybkSeba43XVOOE3oiLfkVDe4bT8MeGmkrTxw==

node-releases@^2.0.1:
  version "2.0.1"
  resolved "https://registry.yarnpkg.com/node-releases/-/node-releases-2.0.1.tgz#3d1d395f204f1f2f29a54358b9fb678765ad2fc5"
  integrity sha512-CqyzN6z7Q6aMeF/ktcMVTzhAHCEpf8SOarwpzpf8pNBY2k5/oM34UHldUwp8VKI7uxct2HxSRdJjBaZeESzcxA==

normalize-range@^0.1.2:
  version "0.1.2"
  resolved "https://registry.yarnpkg.com/normalize-range/-/normalize-range-0.1.2.tgz#2d10c06bdfd312ea9777695a4d28439456b75942"
  integrity sha1-LRDAa9/TEuqXd2laTShDlFa3WUI=

object-assign@^4.1.1:
  version "4.1.1"
  resolved "https://registry.yarnpkg.com/object-assign/-/object-assign-4.1.1.tgz#2109adc7965887cfc05cbbd442cac8bfbb360863"
  integrity sha1-IQmtx5ZYh8/AXLvUQsrIv7s2CGM=

path-parse@^1.0.7:
  version "1.0.7"
  resolved "https://registry.yarnpkg.com/path-parse/-/path-parse-1.0.7.tgz#fbc114b60ca42b30d9daf5858e4bd68bbedb6735"
  integrity sha512-LDJzPVEEEPR+y48z93A0Ed0yXb8pAByGWo/k5YYdYgpY2/2EsOsksJrq7lOHxryrVOn1ejG6oAp8ahvOIQD8sw==

picocolors@^1.0.0:
  version "1.0.0"
  resolved "https://registry.yarnpkg.com/picocolors/-/picocolors-1.0.0.tgz#cb5bdc74ff3f51892236eaf79d68bc44564ab81c"
  integrity sha512-1fygroTLlHu66zi26VoTDv8yRgm0Fccecssto+MhsZ0D/DGW2sm8E8AjW7NU5VVTRt5GxbeZ5qBuJr+HyLYkjQ==

picomatch@^2.3.1:
  version "2.3.1"
  resolved "https://registry.yarnpkg.com/picomatch/-/picomatch-2.3.1.tgz#3ba3833733646d9d3e4995946c1365a67fb07a42"
  integrity sha512-JU3teHTNjmE2VCGFzuY8EXzCDVwEqB2a8fsIvwaStHhAWJEeVd1o1QD80CU6+ZdEXXSLbSsuLwJjkCBWqRQUVA==

pify@^2.3.0:
  version "2.3.0"
  resolved "https://registry.yarnpkg.com/pify/-/pify-2.3.0.tgz#ed141a6ac043a849ea588498e7dca8b15330e90c"
  integrity sha1-7RQaasBDqEnqWISY59yosVMw6Qw=

pixi.js@^6.2.1:
  version "6.2.1"
  resolved "https://registry.yarnpkg.com/pixi.js/-/pixi.js-6.2.1.tgz#97361731cf20dfa9a403fae8f26f8a69c8a4dcd0"
  integrity sha512-oZaa4QAkzcYnXRBH3O8u2LuUVO6gTPKSZijZIYhv6+EDBULZvPxlOZf7jFQNpXVgKAXhptQmOytO1LnWMuK2Sg==
  dependencies:
    "@pixi/accessibility" "6.2.1"
    "@pixi/app" "6.2.1"
    "@pixi/compressed-textures" "6.2.1"
    "@pixi/constants" "6.2.1"
    "@pixi/core" "6.2.1"
    "@pixi/display" "6.2.1"
    "@pixi/extract" "6.2.1"
    "@pixi/filter-alpha" "6.2.1"
    "@pixi/filter-blur" "6.2.1"
    "@pixi/filter-color-matrix" "6.2.1"
    "@pixi/filter-displacement" "6.2.1"
    "@pixi/filter-fxaa" "6.2.1"
    "@pixi/filter-noise" "6.2.1"
    "@pixi/graphics" "6.2.1"
    "@pixi/interaction" "6.2.1"
    "@pixi/loaders" "6.2.1"
    "@pixi/math" "6.2.1"
    "@pixi/mesh" "6.2.1"
    "@pixi/mesh-extras" "6.2.1"
    "@pixi/mixin-cache-as-bitmap" "6.2.1"
    "@pixi/mixin-get-child-by-name" "6.2.1"
    "@pixi/mixin-get-global-position" "6.2.1"
    "@pixi/particle-container" "6.2.1"
    "@pixi/polyfill" "6.2.1"
    "@pixi/prepare" "6.2.1"
    "@pixi/runner" "6.2.1"
    "@pixi/settings" "6.2.1"
    "@pixi/sprite" "6.2.1"
    "@pixi/sprite-animated" "6.2.1"
    "@pixi/sprite-tiling" "6.2.1"
    "@pixi/spritesheet" "6.2.1"
    "@pixi/text" "6.2.1"
    "@pixi/text-bitmap" "6.2.1"
    "@pixi/ticker" "6.2.1"
    "@pixi/utils" "6.2.1"

postcss-attribute-case-insensitive@^5.0.0:
  version "5.0.0"
  resolved "https://registry.yarnpkg.com/postcss-attribute-case-insensitive/-/postcss-attribute-case-insensitive-5.0.0.tgz#39cbf6babf3ded1e4abf37d09d6eda21c644105c"
  integrity sha512-b4g9eagFGq9T5SWX4+USfVyjIb3liPnjhHHRMP7FMB2kFVpYyfEscV0wP3eaXhKlcHKUut8lt5BGoeylWA/dBQ==
  dependencies:
    postcss-selector-parser "^6.0.2"

postcss-color-functional-notation@^4.2.1:
  version "4.2.1"
  resolved "https://registry.yarnpkg.com/postcss-color-functional-notation/-/postcss-color-functional-notation-4.2.1.tgz#a25e9e1855e14d04319222a689f120b3240d39e0"
  integrity sha512-62OBIXCjRXpQZcFOYIXwXBlpAVWrYk8ek1rcjvMING4Q2cf0ipyN9qT+BhHA6HmftGSEnFQu2qgKO3gMscl3Rw==
  dependencies:
    postcss-value-parser "^4.2.0"

postcss-color-hex-alpha@^8.0.2:
  version "8.0.2"
  resolved "https://registry.yarnpkg.com/postcss-color-hex-alpha/-/postcss-color-hex-alpha-8.0.2.tgz#7a248b006dd47bd83063f662352d31fd982f74ec"
  integrity sha512-gyx8RgqSmGVK156NAdKcsfkY3KPGHhKqvHTL3hhveFrBBToguKFzhyiuk3cljH6L4fJ0Kv+JENuPXs1Wij27Zw==
  dependencies:
    postcss-value-parser "^4.2.0"

postcss-color-rebeccapurple@^7.0.2:
  version "7.0.2"
  resolved "https://registry.yarnpkg.com/postcss-color-rebeccapurple/-/postcss-color-rebeccapurple-7.0.2.tgz#5d397039424a58a9ca628762eb0b88a61a66e079"
  integrity sha512-SFc3MaocHaQ6k3oZaFwH8io6MdypkUtEy/eXzXEB1vEQlO3S3oDc/FSZA8AsS04Z25RirQhlDlHLh3dn7XewWw==
  dependencies:
    postcss-value-parser "^4.2.0"

postcss-custom-media@^8.0.0:
  version "8.0.0"
  resolved "https://registry.yarnpkg.com/postcss-custom-media/-/postcss-custom-media-8.0.0.tgz#1be6aff8be7dc9bf1fe014bde3b71b92bb4552f1"
  integrity sha512-FvO2GzMUaTN0t1fBULDeIvxr5IvbDXcIatt6pnJghc736nqNgsGao5NT+5+WVLAQiTt6Cb3YUms0jiPaXhL//g==

postcss-custom-properties@^12.1.2:
  version "12.1.2"
  resolved "https://registry.yarnpkg.com/postcss-custom-properties/-/postcss-custom-properties-12.1.2.tgz#066ecdb03779178ad60b8153755e79a2e70d17a9"
  integrity sha512-Zvd+k66PHBYYPiXtdjNVx2l54Y9kQC7K1eUHzBND97RW/ayNxfaPOW+9NL3r0nsVbX1asPLdkDj585Wg0NBJCA==
  dependencies:
    postcss-value-parser "^4.2.0"

postcss-custom-selectors@^6.0.0:
  version "6.0.0"
  resolved "https://registry.yarnpkg.com/postcss-custom-selectors/-/postcss-custom-selectors-6.0.0.tgz#022839e41fbf71c47ae6e316cb0e6213012df5ef"
  integrity sha512-/1iyBhz/W8jUepjGyu7V1OPcGbc636snN1yXEQCinb6Bwt7KxsiU7/bLQlp8GwAXzCh7cobBU5odNn/2zQWR8Q==
  dependencies:
    postcss-selector-parser "^6.0.4"

postcss-dir-pseudo-class@^6.0.3:
  version "6.0.3"
  resolved "https://registry.yarnpkg.com/postcss-dir-pseudo-class/-/postcss-dir-pseudo-class-6.0.3.tgz#febfe305e75267913a53bf5094c7679f5cfa9b55"
  integrity sha512-qiPm+CNAlgXiMf0J5IbBBEXA9l/Q5HGsNGkL3znIwT2ZFRLGY9U2fTUpa4lqCUXQOxaLimpacHeQC80BD2qbDw==
  dependencies:
    postcss-selector-parser "^6.0.8"

postcss-double-position-gradients@^3.0.4:
  version "3.0.4"
  resolved "https://registry.yarnpkg.com/postcss-double-position-gradients/-/postcss-double-position-gradients-3.0.4.tgz#2484b9785ef3ba81b0f03a279c52ec58fc5344c2"
  integrity sha512-qz+s5vhKJlsHw8HjSs+HVk2QGFdRyC68KGRQGX3i+GcnUjhWhXQEmCXW6siOJkZ1giu0ddPwSO6I6JdVVVPoog==
  dependencies:
    postcss-value-parser "^4.2.0"

postcss-env-function@^4.0.4:
  version "4.0.4"
  resolved "https://registry.yarnpkg.com/postcss-env-function/-/postcss-env-function-4.0.4.tgz#4e85359ca4fcdde4ec4b73752a41de818dbe91cc"
  integrity sha512-0ltahRTPtXSIlEZFv7zIvdEib7HN0ZbUQxrxIKn8KbiRyhALo854I/CggU5lyZe6ZBvSTJ6Al2vkZecI2OhneQ==
  dependencies:
    postcss-value-parser "^4.2.0"

postcss-focus-visible@^6.0.3:
  version "6.0.3"
  resolved "https://registry.yarnpkg.com/postcss-focus-visible/-/postcss-focus-visible-6.0.3.tgz#14635b71a6b9140f488f11f26cbc9965a13f6843"
  integrity sha512-ozOsg+L1U8S+rxSHnJJiET6dNLyADcPHhEarhhtCI9DBLGOPG/2i4ddVoFch9LzrBgb8uDaaRI4nuid2OM82ZA==
  dependencies:
    postcss-selector-parser "^6.0.8"

postcss-focus-within@^5.0.3:
  version "5.0.3"
  resolved "https://registry.yarnpkg.com/postcss-focus-within/-/postcss-focus-within-5.0.3.tgz#0b0bf425f14a646bbfd973b463e2d20d85a3a841"
  integrity sha512-fk9y2uFS6/Kpp7/A9Hz9Z4rlFQ8+tzgBcQCXAFSrXFGAbKx+4ZZOmmfHuYjCOMegPWoz0pnC6fNzi8j7Xyqp5Q==
  dependencies:
    postcss-selector-parser "^6.0.8"

postcss-font-variant@^5.0.0:
  version "5.0.0"
  resolved "https://registry.yarnpkg.com/postcss-font-variant/-/postcss-font-variant-5.0.0.tgz#efd59b4b7ea8bb06127f2d031bfbb7f24d32fa66"
  integrity sha512-1fmkBaCALD72CK2a9i468mA/+tr9/1cBxRRMXOUaZqO43oWPR5imcyPjXwuv7PXbCid4ndlP5zWhidQVVa3hmA==

postcss-gap-properties@^3.0.2:
  version "3.0.2"
  resolved "https://registry.yarnpkg.com/postcss-gap-properties/-/postcss-gap-properties-3.0.2.tgz#562fbf43a6a721565b3ca0e01008690991d2f726"
  integrity sha512-EaMy/pbxtQnKDsnbEjdqlkCkROTQZzolcLKgIE+3b7EuJfJydH55cZeHfm+MtIezXRqhR80VKgaztO/vHq94Fw==

postcss-image-set-function@^4.0.4:
  version "4.0.4"
  resolved "https://registry.yarnpkg.com/postcss-image-set-function/-/postcss-image-set-function-4.0.4.tgz#ce91579ab2c1386d412ff5cd5e733c474b1f75ee"
  integrity sha512-BlEo9gSTj66lXjRNByvkMK9dEdEGFXRfGjKRi9fo8s0/P3oEk74cAoonl/utiM50E2OPVb/XSu+lWvdW4KtE/Q==
  dependencies:
    postcss-value-parser "^4.2.0"

postcss-import@^14.0.2:
  version "14.0.2"
  resolved "https://registry.yarnpkg.com/postcss-import/-/postcss-import-14.0.2.tgz#60eff77e6be92e7b67fe469ec797d9424cae1aa1"
  integrity sha512-BJ2pVK4KhUyMcqjuKs9RijV5tatNzNa73e/32aBVE/ejYPe37iH+6vAu9WvqUkB5OAYgLHzbSvzHnorybJCm9g==
  dependencies:
    postcss-value-parser "^4.0.0"
    read-cache "^1.0.0"
    resolve "^1.1.7"

postcss-initial@^4.0.1:
  version "4.0.1"
  resolved "https://registry.yarnpkg.com/postcss-initial/-/postcss-initial-4.0.1.tgz#529f735f72c5724a0fb30527df6fb7ac54d7de42"
  integrity sha512-0ueD7rPqX8Pn1xJIjay0AZeIuDoF+V+VvMt/uOnn+4ezUKhZM/NokDeP6DwMNyIoYByuN/94IQnt5FEkaN59xQ==

postcss-lab-function@^4.0.3:
  version "4.0.3"
  resolved "https://registry.yarnpkg.com/postcss-lab-function/-/postcss-lab-function-4.0.3.tgz#633745b324afbcd5881da85fe2cef58b17487536"
  integrity sha512-MH4tymWmefdZQ7uVG/4icfLjAQmH6o2NRYyVh2mKoB4RXJp9PjsyhZwhH4ouaCQHvg+qJVj3RzeAR1EQpIlXZA==
  dependencies:
    postcss-value-parser "^4.2.0"

postcss-logical@^5.0.3:
  version "5.0.3"
  resolved "https://registry.yarnpkg.com/postcss-logical/-/postcss-logical-5.0.3.tgz#9934e0fb16af70adbd94217b24d2f315ceb5c2f0"
  integrity sha512-P5NcHWYrif0vK8rgOy/T87vg0WRIj3HSknrvp1wzDbiBeoDPVmiVRmkown2eSQdpPveat/MC1ess5uhzZFVnqQ==

postcss-media-minmax@^5.0.0:
  version "5.0.0"
  resolved "https://registry.yarnpkg.com/postcss-media-minmax/-/postcss-media-minmax-5.0.0.tgz#7140bddec173e2d6d657edbd8554a55794e2a5b5"
  integrity sha512-yDUvFf9QdFZTuCUg0g0uNSHVlJ5X1lSzDZjPSFaiCWvjgsvu8vEVxtahPrLMinIDEEGnx6cBe6iqdx5YWz08wQ==

postcss-nesting@^10.1.2:
  version "10.1.2"
  resolved "https://registry.yarnpkg.com/postcss-nesting/-/postcss-nesting-10.1.2.tgz#2e5f811b3d75602ea18a95dd445bde5297145141"
  integrity sha512-dJGmgmsvpzKoVMtDMQQG/T6FSqs6kDtUDirIfl4KnjMCiY9/ETX8jdKyCd20swSRAbUYkaBKV20pxkzxoOXLqQ==
  dependencies:
    postcss-selector-parser "^6.0.8"

postcss-overflow-shorthand@^3.0.2:
  version "3.0.2"
  resolved "https://registry.yarnpkg.com/postcss-overflow-shorthand/-/postcss-overflow-shorthand-3.0.2.tgz#b4e9c89728cd1e4918173dfb95936b75f78d4148"
  integrity sha512-odBMVt6PTX7jOE9UNvmnLrFzA9pXS44Jd5shFGGtSHY80QCuJF+14McSy0iavZggRZ9Oj//C9vOKQmexvyEJMg==

postcss-page-break@^3.0.4:
  version "3.0.4"
  resolved "https://registry.yarnpkg.com/postcss-page-break/-/postcss-page-break-3.0.4.tgz#7fbf741c233621622b68d435babfb70dd8c1ee5f"
  integrity sha512-1JGu8oCjVXLa9q9rFTo4MbeeA5FMe00/9C7lN4va606Rdb+HkxXtXsmEDrIraQ11fGz/WvKWa8gMuCKkrXpTsQ==

postcss-place@^7.0.3:
  version "7.0.3"
  resolved "https://registry.yarnpkg.com/postcss-place/-/postcss-place-7.0.3.tgz#ca8040dfd937c7769a233a3bd6e66e139cf89e62"
  integrity sha512-tDQ3m+GYoOar+KoQgj+pwPAvGHAp/Sby6vrFiyrELrMKQJ4AejL0NcS0mm296OKKYA2SRg9ism/hlT/OLhBrdQ==
  dependencies:
    postcss-value-parser "^4.2.0"

postcss-preset-env@^7.2.3:
  version "7.2.3"
  resolved "https://registry.yarnpkg.com/postcss-preset-env/-/postcss-preset-env-7.2.3.tgz#01b9b6eea0ff16c27a3d514f10105d56363428a6"
  integrity sha512-Ok0DhLfwrcNGrBn8sNdy1uZqWRk/9FId0GiQ39W4ILop5GHtjJs8bu1MY9isPwHInpVEPWjb4CEcEaSbBLpfwA==
  dependencies:
    autoprefixer "^10.4.2"
    browserslist "^4.19.1"
    caniuse-lite "^1.0.30001299"
    css-blank-pseudo "^3.0.2"
    css-has-pseudo "^3.0.3"
    css-prefers-color-scheme "^6.0.2"
    cssdb "^5.0.0"
    postcss-attribute-case-insensitive "^5.0.0"
    postcss-color-functional-notation "^4.2.1"
    postcss-color-hex-alpha "^8.0.2"
    postcss-color-rebeccapurple "^7.0.2"
    postcss-custom-media "^8.0.0"
    postcss-custom-properties "^12.1.2"
    postcss-custom-selectors "^6.0.0"
    postcss-dir-pseudo-class "^6.0.3"
    postcss-double-position-gradients "^3.0.4"
    postcss-env-function "^4.0.4"
    postcss-focus-visible "^6.0.3"
    postcss-focus-within "^5.0.3"
    postcss-font-variant "^5.0.0"
    postcss-gap-properties "^3.0.2"
    postcss-image-set-function "^4.0.4"
    postcss-initial "^4.0.1"
    postcss-lab-function "^4.0.3"
    postcss-logical "^5.0.3"
    postcss-media-minmax "^5.0.0"
    postcss-nesting "^10.1.2"
    postcss-overflow-shorthand "^3.0.2"
    postcss-page-break "^3.0.4"
    postcss-place "^7.0.3"
    postcss-pseudo-class-any-link "^7.0.2"
    postcss-replace-overflow-wrap "^4.0.0"
    postcss-selector-not "^5.0.0"

postcss-pseudo-class-any-link@^7.0.2:
  version "7.0.2"
  resolved "https://registry.yarnpkg.com/postcss-pseudo-class-any-link/-/postcss-pseudo-class-any-link-7.0.2.tgz#6284c2f970715c78fe992d2fac1130e9991585c9"
  integrity sha512-CG35J1COUH7OOBgpw5O+0koOLUd5N4vUGKUqSAuIe4GiuLHWU96Pqp+UPC8QITTd12zYAFx76pV7qWT/0Aj/TA==
  dependencies:
    postcss-selector-parser "^6.0.8"

postcss-replace-overflow-wrap@^4.0.0:
  version "4.0.0"
  resolved "https://registry.yarnpkg.com/postcss-replace-overflow-wrap/-/postcss-replace-overflow-wrap-4.0.0.tgz#d2df6bed10b477bf9c52fab28c568b4b29ca4319"
  integrity sha512-KmF7SBPphT4gPPcKZc7aDkweHiKEEO8cla/GjcBK+ckKxiZslIu3C4GCRW3DNfL0o7yW7kMQu9xlZ1kXRXLXtw==

postcss-selector-not@^5.0.0:
  version "5.0.0"
  resolved "https://registry.yarnpkg.com/postcss-selector-not/-/postcss-selector-not-5.0.0.tgz#ac5fc506f7565dd872f82f5314c0f81a05630dc7"
  integrity sha512-/2K3A4TCP9orP4TNS7u3tGdRFVKqz/E6pX3aGnriPG0jU78of8wsUcqE4QAhWEU0d+WnMSF93Ah3F//vUtK+iQ==
  dependencies:
    balanced-match "^1.0.0"

postcss-selector-parser@^6.0.2, postcss-selector-parser@^6.0.4, postcss-selector-parser@^6.0.8:
  version "6.0.8"
  resolved "https://registry.yarnpkg.com/postcss-selector-parser/-/postcss-selector-parser-6.0.8.tgz#f023ed7a9ea736cd7ef70342996e8e78645a7914"
  integrity sha512-D5PG53d209Z1Uhcc0qAZ5U3t5HagH3cxu+WLZ22jt3gLUpXM4eXXfiO14jiDWST3NNooX/E8wISfOhZ9eIjGTQ==
  dependencies:
    cssesc "^3.0.0"
    util-deprecate "^1.0.2"

postcss-value-parser@^4.0.0, postcss-value-parser@^4.2.0:
  version "4.2.0"
  resolved "https://registry.yarnpkg.com/postcss-value-parser/-/postcss-value-parser-4.2.0.tgz#723c09920836ba6d3e5af019f92bc0971c02e514"
  integrity sha512-1NNCs6uurfkVbeXG4S8JFT9t19m45ICnif8zWLd5oPSZ50QnwMfK+H3jv408d4jw/7Bttv5axS5IiHoLaVNHeQ==

postcss@^8.4.5:
  version "8.4.5"
  resolved "https://registry.yarnpkg.com/postcss/-/postcss-8.4.5.tgz#bae665764dfd4c6fcc24dc0fdf7e7aa00cc77f95"
  integrity sha512-jBDboWM8qpaqwkMwItqTQTiFikhs/67OYVvblFFTM7MrZjt6yMKd6r2kgXizEbTTljacm4NldIlZnhbjr84QYg==
  dependencies:
    nanoid "^3.1.30"
    picocolors "^1.0.0"
    source-map-js "^1.0.1"

promise-polyfill@^8.2.0:
  version "8.2.1"
  resolved "https://registry.yarnpkg.com/promise-polyfill/-/promise-polyfill-8.2.1.tgz#1fa955b325bee4f6b8a4311e18148d4e5b46d254"
  integrity sha512-3p9zj0cEHbp7NVUxEYUWjQlffXqnXaZIMPkAO7HhFh8u5636xLRDHOUo2vpWSK0T2mqm6fKLXYn1KP6PAZ2gKg==

punycode@1.3.2:
  version "1.3.2"
  resolved "https://registry.yarnpkg.com/punycode/-/punycode-1.3.2.tgz#9653a036fb7c1ee42342f2325cceefea3926c48d"
  integrity sha1-llOgNvt8HuQjQvIyXM7v6jkmxI0=

querystring@0.2.0:
  version "0.2.0"
  resolved "https://registry.yarnpkg.com/querystring/-/querystring-0.2.0.tgz#b209849203bb25df820da756e747005878521620"
  integrity sha1-sgmEkgO7Jd+CDadW50cAWHhSFiA=

read-cache@^1.0.0:
  version "1.0.0"
  resolved "https://registry.yarnpkg.com/read-cache/-/read-cache-1.0.0.tgz#e664ef31161166c9751cdbe8dbcf86b5fb58f774"
  integrity sha1-5mTvMRYRZsl1HNvo28+GtftY93Q=
  dependencies:
    pify "^2.3.0"

resolve@^1.1.7, resolve@^1.20.0:
  version "1.21.0"
  resolved "https://registry.yarnpkg.com/resolve/-/resolve-1.21.0.tgz#b51adc97f3472e6a5cf4444d34bc9d6b9037591f"
  integrity sha512-3wCbTpk5WJlyE4mSOtDLhqQmGFi0/TD9VPwmiolnk8U0wRgMEktqCXd3vy5buTO3tljvalNvKrjHEfrd2WpEKA==
  dependencies:
    is-core-module "^2.8.0"
    path-parse "^1.0.7"
    supports-preserve-symlinks-flag "^1.0.0"

rollup@^2.59.0:
  version "2.63.0"
  resolved "https://registry.yarnpkg.com/rollup/-/rollup-2.63.0.tgz#fe2f7fec2133f3fab9e022b9ac245628d817c6bb"
  integrity sha512-nps0idjmD+NXl6OREfyYXMn/dar3WGcyKn+KBzPdaLecub3x/LrId0wUcthcr8oZUAcZAR8NKcfGGFlNgGL1kQ==
  optionalDependencies:
    fsevents "~2.3.2"

source-map-js@^1.0.1:
  version "1.0.1"
  resolved "https://registry.yarnpkg.com/source-map-js/-/source-map-js-1.0.1.tgz#a1741c131e3c77d048252adfa24e23b908670caf"
  integrity sha512-4+TN2b3tqOCd/kaGRJ/sTYA0tR0mdXx26ipdolxcwtJVqEnqNYvlCAt1q3ypy4QMlYus+Zh34RNtYLoq2oQ4IA==

supports-preserve-symlinks-flag@^1.0.0:
  version "1.0.0"
  resolved "https://registry.yarnpkg.com/supports-preserve-symlinks-flag/-/supports-preserve-symlinks-flag-1.0.0.tgz#6eda4bd344a3c94aea376d4cc31bc77311039e09"
  integrity sha512-ot0WnXS9fgdkgIcePe6RHNk1WA8+muPa6cSjeR3V8K27q9BB1rTE3R1p7Hv0z1ZyAc8s6Vvv8DIyWf681MAt0w==

url@^0.11.0:
  version "0.11.0"
  resolved "https://registry.yarnpkg.com/url/-/url-0.11.0.tgz#3838e97cfc60521eb73c525a8e55bfdd9e2e28f1"
  integrity sha1-ODjpfPxgUh63PFJajlW/3Z4uKPE=
  dependencies:
    punycode "1.3.2"
    querystring "0.2.0"

util-deprecate@^1.0.2:
  version "1.0.2"
  resolved "https://registry.yarnpkg.com/util-deprecate/-/util-deprecate-1.0.2.tgz#450d4dc9fa70de732762fbd2d4a28981419a0ccf"
  integrity sha1-RQ1Nyfpw3nMnYvvS1KKJgUGaDM8=

vite-plugin-full-reload@^1.0.0:
  version "1.0.0"
  resolved "https://registry.yarnpkg.com/vite-plugin-full-reload/-/vite-plugin-full-reload-1.0.0.tgz#230b6b61e7ff4fc66bfe7e24d0dfe9ad2b6d750d"
  integrity sha512-GUhQ4wSm+H6yAlz7d2JwLu+BEcsFqZu1SUH0CNG+uyP4ALXGofUjHi+eGdLX19bYhMuOUWW3EwMt68jFkBsMew==
  dependencies:
    picocolors "^1.0.0"
    picomatch "^2.3.1"

vite@^2.7.2:
  version "2.7.11"
  resolved "https://registry.yarnpkg.com/vite/-/vite-2.7.11.tgz#b3caca377c202db887afda16b85b0ab111146bd9"
  integrity sha512-W1OVwJmtuxnzt9HwZ1AebVLgvsgNpe4TK/sxvF+1x2y8MRnTEHvaPqxy9A67IYb5BR0Q+nENmLYa3QfESmp5GQ==
  dependencies:
    esbuild "^0.13.12"
    postcss "^8.4.5"
    resolve "^1.20.0"
    rollup "^2.59.0"
  optionalDependencies:
    fsevents "~2.3.2"
